
Microsoft Visual Studio Solution File, Format Version 12.00
# Visual Studio Version 17
VisualStudioVersion = 17.6.33815.320
MinimumVisualStudioVersion = 10.0.40219.1
Project("{FAE04EC0-301F-11D3-BF4B-00C04F79EFBC}") = "Rare.Web", "Rare.Web\Rare.Web.csproj", "{D2307DA7-E116-4134-A5F5-441772B88DF3}"
EndProject
Global
	GlobalSection(SolutionConfigurationPlatforms) = preSolution
		Debug|Any CPU = Debug|Any CPU
		Release|Any CPU = Release|Any CPU
	EndGlobalSection
	GlobalSection(ProjectConfigurationPlatforms) = postSolution
		{D2307DA7-E116-4134-A5F5-441772B88DF3}.Debug|Any CPU.ActiveCfg = Debug|Any CPU
		{D2307DA7-E116-4134-A5F5-441772B88DF3}.Debug|Any CPU.Build.0 = Debug|Any CPU
		{D2307DA7-E116-4134-A5F5-441772B88DF3}.Release|Any CPU.ActiveCfg = Release|Any CPU
		{D2307DA7-E116-4134-A5F5-441772B88DF3}.Release|Any CPU.Build.0 = Release|Any CPU
	EndGlobalSection
	GlobalSection(SolutionProperties) = preSolution
		HideSolutionNode = FALSE
	EndGlobalSection
	GlobalSection(ExtensibilityGlobals) = postSolution
		SolutionGuid = {1D141A94-EA72-4A1A-BF14-25B309EE32BD}
	EndGlobalSection
EndGlobal
